
Microsoft Visual Studio Solution File, Format Version 12.00
# Visual Studio Version 17
VisualStudioVersion = 17.0.31903.59
MinimumVisualStudioVersion = 10.0.40219.1
Project("{FAE04EC0-301F-11D3-BF4B-00C04F79EFBC}") = "Exercise1", "Exercise1\Exercise1.csproj", "{ADC98FF9-9C50-438E-A6FE-A5312FF0EA49}"
EndProject
Project("{FAE04EC0-301F-11D3-BF4B-00C04F79EFBC}") = "Exercise2", "Exercise2\Exercise2.csproj", "{46628F3F-470A-437B-867B-2DDE3CBA9657}"
EndProject
Project("{FAE04EC0-301F-11D3-BF4B-00C04F79EFBC}") = "Exercise3", "Exercise3\Exercise3.csproj", "{7A9A17EF-2DE3-4752-AA96-C14EE871348B}"
EndProject
Project("{FAE04EC0-301F-11D3-BF4B-00C04F79EFBC}") = "Exercise4", "Exercise4\Exercise4.csproj", "{D6DBC7F9-90D0-4926-9E2F-5AB7F64BC407}"
EndProject
Project("{FAE04EC0-301F-11D3-BF4B-00C04F79EFBC}") = "Exercise5", "Exercise5\Exercise5.csproj", "{65463E23-9B2F-402B-A441-69CF5A047857}"
EndProject
Project("{FAE04EC0-301F-11D3-BF4B-00C04F79EFBC}") = "Exercise6", "Exercise6\Exercise6.csproj", "{E614B1D1-2627-4D73-8F8A-AFFA9634EEA7}"
EndProject
Project("{FAE04EC0-301F-11D3-BF4B-00C04F79EFBC}") = "Exercise7", "Exercise7\Exercise7.csproj", "{7762827C-DA32-477F-B1CD-E2BCC5994DE3}"
EndProject
Project("{FAE04EC0-301F-11D3-BF4B-00C04F79EFBC}") = "Exercise8", "Exercise8\Exercise8.csproj", "{6283F2C1-0520-4402-9317-72BB56883650}"
EndProject
Project("{2150E333-8FDC-42A3-9474-1A3956D46DE8}") = "ExercisesList", "ExercisesList", "{786D0992-40CC-C4AF-A37A-44980843CB2E}"
EndProject
Project("{FAE04EC0-301F-11D3-BF4B-00C04F79EFBC}") = "ExerciseList1", "ExercisesList\ExerciseList1\ExerciseList1.csproj", "{4DA234BA-EEE8-4D81-A1CC-E86C963C06C7}"
EndProject
Project("{FAE04EC0-301F-11D3-BF4B-00C04F79EFBC}") = "ExerciseList2", "ExercisesList\ExerciseList2\ExerciseList2.csproj", "{DAC44C08-E621-4717-A6A2-750F52788549}"
EndProject
Project("{FAE04EC0-301F-11D3-BF4B-00C04F79EFBC}") = "ExerciseList3", "ExercisesList\ExerciseList3\ExerciseList3.csproj", "{AB62EBE4-DE01-4C25-8AC7-C9D3E6B36007}"
EndProject
Project("{FAE04EC0-301F-11D3-BF4B-00C04F79EFBC}") = "ExerciseList4", "ExercisesList\ExerciseList4\ExerciseList4.csproj", "{AC11E63E-1AAC-428A-B6FC-3B2BB4578A73}"
EndProject
Project("{FAE04EC0-301F-11D3-BF4B-00C04F79EFBC}") = "ExerciseList5", "ExercisesList\ExerciseList5\ExerciseList5.csproj", "{3DE83BF9-0117-43A5-889C-18C0EFCC15F3}"
EndProject
Project("{FAE04EC0-301F-11D3-BF4B-00C04F79EFBC}") = "ExerciseList6", "ExercisesList\ExerciseList6\ExerciseList6.csproj", "{41BEEB9E-B0CF-4C52-964A-51E8067A9AF6}"
EndProject
Project("{FAE04EC0-301F-11D3-BF4B-00C04F79EFBC}") = "ExerciseList7", "ExercisesList\ExerciseList7\ExerciseList7.csproj", "{50284DF4-A3D8-4BCF-B1A3-8984BB70891E}"
EndProject
Global
	GlobalSection(SolutionConfigurationPlatforms) = preSolution
		Debug|Any CPU = Debug|Any CPU
		Debug|x64 = Debug|x64
		Debug|x86 = Debug|x86
		Release|Any CPU = Release|Any CPU
		Release|x64 = Release|x64
		Release|x86 = Release|x86
	EndGlobalSection
	GlobalSection(ProjectConfigurationPlatforms) = postSolution
		{ADC98FF9-9C50-438E-A6FE-A5312FF0EA49}.Debug|Any CPU.ActiveCfg = Debug|Any CPU
		{ADC98FF9-9C50-438E-A6FE-A5312FF0EA49}.Debug|Any CPU.Build.0 = Debug|Any CPU
		{ADC98FF9-9C50-438E-A6FE-A5312FF0EA49}.Debug|x64.ActiveCfg = Debug|Any CPU
		{ADC98FF9-9C50-438E-A6FE-A5312FF0EA49}.Debug|x64.Build.0 = Debug|Any CPU
		{ADC98FF9-9C50-438E-A6FE-A5312FF0EA49}.Debug|x86.ActiveCfg = Debug|Any CPU
		{ADC98FF9-9C50-438E-A6FE-A5312FF0EA49}.Debug|x86.Build.0 = Debug|Any CPU
		{ADC98FF9-9C50-438E-A6FE-A5312FF0EA49}.Release|Any CPU.ActiveCfg = Release|Any CPU
		{ADC98FF9-9C50-438E-A6FE-A5312FF0EA49}.Release|Any CPU.Build.0 = Release|Any CPU
		{ADC98FF9-9C50-438E-A6FE-A5312FF0EA49}.Release|x64.ActiveCfg = Release|Any CPU
		{ADC98FF9-9C50-438E-A6FE-A5312FF0EA49}.Release|x64.Build.0 = Release|Any CPU
		{ADC98FF9-9C50-438E-A6FE-A5312FF0EA49}.Release|x86.ActiveCfg = Release|Any CPU
		{ADC98FF9-9C50-438E-A6FE-A5312FF0EA49}.Release|x86.Build.0 = Release|Any CPU
		{46628F3F-470A-437B-867B-2DDE3CBA9657}.Debug|Any CPU.ActiveCfg = Debug|Any CPU
		{46628F3F-470A-437B-867B-2DDE3CBA9657}.Debug|Any CPU.Build.0 = Debug|Any CPU
		{46628F3F-470A-437B-867B-2DDE3CBA9657}.Debug|x64.ActiveCfg = Debug|Any CPU
		{46628F3F-470A-437B-867B-2DDE3CBA9657}.Debug|x64.Build.0 = Debug|Any CPU
		{46628F3F-470A-437B-867B-2DDE3CBA9657}.Debug|x86.ActiveCfg = Debug|Any CPU
		{46628F3F-470A-437B-867B-2DDE3CBA9657}.Debug|x86.Build.0 = Debug|Any CPU
		{46628F3F-470A-437B-867B-2DDE3CBA9657}.Release|Any CPU.ActiveCfg = Release|Any CPU
		{46628F3F-470A-437B-867B-2DDE3CBA9657}.Release|Any CPU.Build.0 = Release|Any CPU
		{46628F3F-470A-437B-867B-2DDE3CBA9657}.Release|x64.ActiveCfg = Release|Any CPU
		{46628F3F-470A-437B-867B-2DDE3CBA9657}.Release|x64.Build.0 = Release|Any CPU
		{46628F3F-470A-437B-867B-2DDE3CBA9657}.Release|x86.ActiveCfg = Release|Any CPU
		{46628F3F-470A-437B-867B-2DDE3CBA9657}.Release|x86.Build.0 = Release|Any CPU
		{7A9A17EF-2DE3-4752-AA96-C14EE871348B}.Debug|Any CPU.ActiveCfg = Debug|Any CPU
		{7A9A17EF-2DE3-4752-AA96-C14EE871348B}.Debug|Any CPU.Build.0 = Debug|Any CPU
		{7A9A17EF-2DE3-4752-AA96-C14EE871348B}.Debug|x64.ActiveCfg = Debug|Any CPU
		{7A9A17EF-2DE3-4752-AA96-C14EE871348B}.Debug|x64.Build.0 = Debug|Any CPU
		{7A9A17EF-2DE3-4752-AA96-C14EE871348B}.Debug|x86.ActiveCfg = Debug|Any CPU
		{7A9A17EF-2DE3-4752-AA96-C14EE871348B}.Debug|x86.Build.0 = Debug|Any CPU
		{7A9A17EF-2DE3-4752-AA96-C14EE871348B}.Release|Any CPU.ActiveCfg = Release|Any CPU
		{7A9A17EF-2DE3-4752-AA96-C14EE871348B}.Release|Any CPU.Build.0 = Release|Any CPU
		{7A9A17EF-2DE3-4752-AA96-C14EE871348B}.Release|x64.ActiveCfg = Release|Any CPU
		{7A9A17EF-2DE3-4752-AA96-C14EE871348B}.Release|x64.Build.0 = Release|Any CPU
		{7A9A17EF-2DE3-4752-AA96-C14EE871348B}.Release|x86.ActiveCfg = Release|Any CPU
		{7A9A17EF-2DE3-4752-AA96-C14EE871348B}.Release|x86.Build.0 = Release|Any CPU
		{D6DBC7F9-90D0-4926-9E2F-5AB7F64BC407}.Debug|Any CPU.ActiveCfg = Debug|Any CPU
		{D6DBC7F9-90D0-4926-9E2F-5AB7F64BC407}.Debug|Any CPU.Build.0 = Debug|Any CPU
		{D6DBC7F9-90D0-4926-9E2F-5AB7F64BC407}.Debug|x64.ActiveCfg = Debug|Any CPU
		{D6DBC7F9-90D0-4926-9E2F-5AB7F64BC407}.Debug|x64.Build.0 = Debug|Any CPU
		{D6DBC7F9-90D0-4926-9E2F-5AB7F64BC407}.Debug|x86.ActiveCfg = Debug|Any CPU
		{D6DBC7F9-90D0-4926-9E2F-5AB7F64BC407}.Debug|x86.Build.0 = Debug|Any CPU
		{D6DBC7F9-90D0-4926-9E2F-5AB7F64BC407}.Release|Any CPU.ActiveCfg = Release|Any CPU
		{D6DBC7F9-90D0-4926-9E2F-5AB7F64BC407}.Release|Any CPU.Build.0 = Release|Any CPU
		{D6DBC7F9-90D0-4926-9E2F-5AB7F64BC407}.Release|x64.ActiveCfg = Release|Any CPU
		{D6DBC7F9-90D0-4926-9E2F-5AB7F64BC407}.Release|x64.Build.0 = Release|Any CPU
		{D6DBC7F9-90D0-4926-9E2F-5AB7F64BC407}.Release|x86.ActiveCfg = Release|Any CPU
		{D6DBC7F9-90D0-4926-9E2F-5AB7F64BC407}.Release|x86.Build.0 = Release|Any CPU
		{65463E23-9B2F-402B-A441-69CF5A047857}.Debug|Any CPU.ActiveCfg = Debug|Any CPU
		{65463E23-9B2F-402B-A441-69CF5A047857}.Debug|Any CPU.Build.0 = Debug|Any CPU
		{65463E23-9B2F-402B-A441-69CF5A047857}.Debug|x64.ActiveCfg = Debug|Any CPU
		{65463E23-9B2F-402B-A441-69CF5A047857}.Debug|x64.Build.0 = Debug|Any CPU
		{65463E23-9B2F-402B-A441-69CF5A047857}.Debug|x86.ActiveCfg = Debug|Any CPU
		{65463E23-9B2F-402B-A441-69CF5A047857}.Debug|x86.Build.0 = Debug|Any CPU
		{65463E23-9B2F-402B-A441-69CF5A047857}.Release|Any CPU.ActiveCfg = Release|Any CPU
		{65463E23-9B2F-402B-A441-69CF5A047857}.Release|Any CPU.Build.0 = Release|Any CPU
		{65463E23-9B2F-402B-A441-69CF5A047857}.Release|x64.ActiveCfg = Release|Any CPU
		{65463E23-9B2F-402B-A441-69CF5A047857}.Release|x64.Build.0 = Release|Any CPU
		{65463E23-9B2F-402B-A441-69CF5A047857}.Release|x86.ActiveCfg = Release|Any CPU
		{65463E23-9B2F-402B-A441-69CF5A047857}.Release|x86.Build.0 = Release|Any CPU
		{E614B1D1-2627-4D73-8F8A-AFFA9634EEA7}.Debug|Any CPU.ActiveCfg = Debug|Any CPU
		{E614B1D1-2627-4D73-8F8A-AFFA9634EEA7}.Debug|Any CPU.Build.0 = Debug|Any CPU
		{E614B1D1-2627-4D73-8F8A-AFFA9634EEA7}.Debug|x64.ActiveCfg = Debug|Any CPU
		{E614B1D1-2627-4D73-8F8A-AFFA9634EEA7}.Debug|x64.Build.0 = Debug|Any CPU
		{E614B1D1-2627-4D73-8F8A-AFFA9634EEA7}.Debug|x86.ActiveCfg = Debug|Any CPU
		{E614B1D1-2627-4D73-8F8A-AFFA9634EEA7}.Debug|x86.Build.0 = Debug|Any CPU
		{E614B1D1-2627-4D73-8F8A-AFFA9634EEA7}.Release|Any CPU.ActiveCfg = Release|Any CPU
		{E614B1D1-2627-4D73-8F8A-AFFA9634EEA7}.Release|Any CPU.Build.0 = Release|Any CPU
		{E614B1D1-2627-4D73-8F8A-AFFA9634EEA7}.Release|x64.ActiveCfg = Release|Any CPU
		{E614B1D1-2627-4D73-8F8A-AFFA9634EEA7}.Release|x64.Build.0 = Release|Any CPU
		{E614B1D1-2627-4D73-8F8A-AFFA9634EEA7}.Release|x86.ActiveCfg = Release|Any CPU
		{E614B1D1-2627-4D73-8F8A-AFFA9634EEA7}.Release|x86.Build.0 = Release|Any CPU
		{7762827C-DA32-477F-B1CD-E2BCC5994DE3}.Debug|Any CPU.ActiveCfg = Debug|Any CPU
		{7762827C-DA32-477F-B1CD-E2BCC5994DE3}.Debug|Any CPU.Build.0 = Debug|Any CPU
		{7762827C-DA32-477F-B1CD-E2BCC5994DE3}.Debug|x64.ActiveCfg = Debug|Any CPU
		{7762827C-DA32-477F-B1CD-E2BCC5994DE3}.Debug|x64.Build.0 = Debug|Any CPU
		{7762827C-DA32-477F-B1CD-E2BCC5994DE3}.Debug|x86.ActiveCfg = Debug|Any CPU
		{7762827C-DA32-477F-B1CD-E2BCC5994DE3}.Debug|x86.Build.0 = Debug|Any CPU
		{7762827C-DA32-477F-B1CD-E2BCC5994DE3}.Release|Any CPU.ActiveCfg = Release|Any CPU
		{7762827C-DA32-477F-B1CD-E2BCC5994DE3}.Release|Any CPU.Build.0 = Release|Any CPU
		{7762827C-DA32-477F-B1CD-E2BCC5994DE3}.Release|x64.ActiveCfg = Release|Any CPU
		{7762827C-DA32-477F-B1CD-E2BCC5994DE3}.Release|x64.Build.0 = Release|Any CPU
		{7762827C-DA32-477F-B1CD-E2BCC5994DE3}.Release|x86.ActiveCfg = Release|Any CPU
		{7762827C-DA32-477F-B1CD-E2BCC5994DE3}.Release|x86.Build.0 = Release|Any CPU
		{6283F2C1-0520-4402-9317-72BB56883650}.Debug|Any CPU.ActiveCfg = Debug|Any CPU
		{6283F2C1-0520-4402-9317-72BB56883650}.Debug|Any CPU.Build.0 = Debug|Any CPU
		{6283F2C1-0520-4402-9317-72BB56883650}.Debug|x64.ActiveCfg = Debug|Any CPU
		{6283F2C1-0520-4402-9317-72BB56883650}.Debug|x64.Build.0 = Debug|Any CPU
		{6283F2C1-0520-4402-9317-72BB56883650}.Debug|x86.ActiveCfg = Debug|Any CPU
		{6283F2C1-0520-4402-9317-72BB56883650}.Debug|x86.Build.0 = Debug|Any CPU
		{6283F2C1-0520-4402-9317-72BB56883650}.Release|Any CPU.ActiveCfg = Release|Any CPU
		{6283F2C1-0520-4402-9317-72BB56883650}.Release|Any CPU.Build.0 = Release|Any CPU
		{6283F2C1-0520-4402-9317-72BB56883650}.Release|x64.ActiveCfg = Release|Any CPU
		{6283F2C1-0520-4402-9317-72BB56883650}.Release|x64.Build.0 = Release|Any CPU
		{6283F2C1-0520-4402-9317-72BB56883650}.Release|x86.ActiveCfg = Release|Any CPU
		{6283F2C1-0520-4402-9317-72BB56883650}.Release|x86.Build.0 = Release|Any CPU
		{4DA234BA-EEE8-4D81-A1CC-E86C963C06C7}.Debug|Any CPU.ActiveCfg = Debug|Any CPU
		{4DA234BA-EEE8-4D81-A1CC-E86C963C06C7}.Debug|Any CPU.Build.0 = Debug|Any CPU
		{4DA234BA-EEE8-4D81-A1CC-E86C963C06C7}.Debug|x64.ActiveCfg = Debug|Any CPU
		{4DA234BA-EEE8-4D81-A1CC-E86C963C06C7}.Debug|x64.Build.0 = Debug|Any CPU
		{4DA234BA-EEE8-4D81-A1CC-E86C963C06C7}.Debug|x86.ActiveCfg = Debug|Any CPU
		{4DA234BA-EEE8-4D81-A1CC-E86C963C06C7}.Debug|x86.Build.0 = Debug|Any CPU
		{4DA234BA-EEE8-4D81-A1CC-E86C963C06C7}.Release|Any CPU.ActiveCfg = Release|Any CPU
		{4DA234BA-EEE8-4D81-A1CC-E86C963C06C7}.Release|Any CPU.Build.0 = Release|Any CPU
		{4DA234BA-EEE8-4D81-A1CC-E86C963C06C7}.Release|x64.ActiveCfg = Release|Any CPU
		{4DA234BA-EEE8-4D81-A1CC-E86C963C06C7}.Release|x64.Build.0 = Release|Any CPU
		{4DA234BA-EEE8-4D81-A1CC-E86C963C06C7}.Release|x86.ActiveCfg = Release|Any CPU
		{4DA234BA-EEE8-4D81-A1CC-E86C963C06C7}.Release|x86.Build.0 = Release|Any CPU
		{DAC44C08-E621-4717-A6A2-750F52788549}.Debug|Any CPU.ActiveCfg = Debug|Any CPU
		{DAC44C08-E621-4717-A6A2-750F52788549}.Debug|Any CPU.Build.0 = Debug|Any CPU
		{DAC44C08-E621-4717-A6A2-750F52788549}.Debug|x64.ActiveCfg = Debug|Any CPU
		{DAC44C08-E621-4717-A6A2-750F52788549}.Debug|x64.Build.0 = Debug|Any CPU
		{DAC44C08-E621-4717-A6A2-750F52788549}.Debug|x86.ActiveCfg = Debug|Any CPU
		{DAC44C08-E621-4717-A6A2-750F52788549}.Debug|x86.Build.0 = Debug|Any CPU
		{DAC44C08-E621-4717-A6A2-750F52788549}.Release|Any CPU.ActiveCfg = Release|Any CPU
		{DAC44C08-E621-4717-A6A2-750F52788549}.Release|Any CPU.Build.0 = Release|Any CPU
		{DAC44C08-E621-4717-A6A2-750F52788549}.Release|x64.ActiveCfg = Release|Any CPU
		{DAC44C08-E621-4717-A6A2-750F52788549}.Release|x64.Build.0 = Release|Any CPU
		{DAC44C08-E621-4717-A6A2-750F52788549}.Release|x86.ActiveCfg = Release|Any CPU
		{DAC44C08-E621-4717-A6A2-750F52788549}.Release|x86.Build.0 = Release|Any CPU
		{AB62EBE4-DE01-4C25-8AC7-C9D3E6B36007}.Debug|Any CPU.ActiveCfg = Debug|Any CPU
		{AB62EBE4-DE01-4C25-8AC7-C9D3E6B36007}.Debug|Any CPU.Build.0 = Debug|Any CPU
		{AB62EBE4-DE01-4C25-8AC7-C9D3E6B36007}.Debug|x64.ActiveCfg = Debug|Any CPU
		{AB62EBE4-DE01-4C25-8AC7-C9D3E6B36007}.Debug|x64.Build.0 = Debug|Any CPU
		{AB62EBE4-DE01-4C25-8AC7-C9D3E6B36007}.Debug|x86.ActiveCfg = Debug|Any CPU
		{AB62EBE4-DE01-4C25-8AC7-C9D3E6B36007}.Debug|x86.Build.0 = Debug|Any CPU
		{AB62EBE4-DE01-4C25-8AC7-C9D3E6B36007}.Release|Any CPU.ActiveCfg = Release|Any CPU
		{AB62EBE4-DE01-4C25-8AC7-C9D3E6B36007}.Release|Any CPU.Build.0 = Release|Any CPU
		{AB62EBE4-DE01-4C25-8AC7-C9D3E6B36007}.Release|x64.ActiveCfg = Release|Any CPU
		{AB62EBE4-DE01-4C25-8AC7-C9D3E6B36007}.Release|x64.Build.0 = Release|Any CPU
		{AB62EBE4-DE01-4C25-8AC7-C9D3E6B36007}.Release|x86.ActiveCfg = Release|Any CPU
		{AB62EBE4-DE01-4C25-8AC7-C9D3E6B36007}.Release|x86.Build.0 = Release|Any CPU
		{AC11E63E-1AAC-428A-B6FC-3B2BB4578A73}.Debug|Any CPU.ActiveCfg = Debug|Any CPU
		{AC11E63E-1AAC-428A-B6FC-3B2BB4578A73}.Debug|Any CPU.Build.0 = Debug|Any CPU
		{AC11E63E-1AAC-428A-B6FC-3B2BB4578A73}.Debug|x64.ActiveCfg = Debug|Any CPU
		{AC11E63E-1AAC-428A-B6FC-3B2BB4578A73}.Debug|x64.Build.0 = Debug|Any CPU
		{AC11E63E-1AAC-428A-B6FC-3B2BB4578A73}.Debug|x86.ActiveCfg = Debug|Any CPU
		{AC11E63E-1AAC-428A-B6FC-3B2BB4578A73}.Debug|x86.Build.0 = Debug|Any CPU
		{AC11E63E-1AAC-428A-B6FC-3B2BB4578A73}.Release|Any CPU.ActiveCfg = Release|Any CPU
		{AC11E63E-1AAC-428A-B6FC-3B2BB4578A73}.Release|Any CPU.Build.0 = Release|Any CPU
		{AC11E63E-1AAC-428A-B6FC-3B2BB4578A73}.Release|x64.ActiveCfg = Release|Any CPU
		{AC11E63E-1AAC-428A-B6FC-3B2BB4578A73}.Release|x64.Build.0 = Release|Any CPU
		{AC11E63E-1AAC-428A-B6FC-3B2BB4578A73}.Release|x86.ActiveCfg = Release|Any CPU
		{AC11E63E-1AAC-428A-B6FC-3B2BB4578A73}.Release|x86.Build.0 = Release|Any CPU
		{3DE83BF9-0117-43A5-889C-18C0EFCC15F3}.Debug|Any CPU.ActiveCfg = Debug|Any CPU
		{3DE83BF9-0117-43A5-889C-18C0EFCC15F3}.Debug|Any CPU.Build.0 = Debug|Any CPU
		{3DE83BF9-0117-43A5-889C-18C0EFCC15F3}.Debug|x64.ActiveCfg = Debug|Any CPU
		{3DE83BF9-0117-43A5-889C-18C0EFCC15F3}.Debug|x64.Build.0 = Debug|Any CPU
		{3DE83BF9-0117-43A5-889C-18C0EFCC15F3}.Debug|x86.ActiveCfg = Debug|Any CPU
		{3DE83BF9-0117-43A5-889C-18C0EFCC15F3}.Debug|x86.Build.0 = Debug|Any CPU
		{3DE83BF9-0117-43A5-889C-18C0EFCC15F3}.Release|Any CPU.ActiveCfg = Release|Any CPU
		{3DE83BF9-0117-43A5-889C-18C0EFCC15F3}.Release|Any CPU.Build.0 = Release|Any CPU
		{3DE83BF9-0117-43A5-889C-18C0EFCC15F3}.Release|x64.ActiveCfg = Release|Any CPU
		{3DE83BF9-0117-43A5-889C-18C0EFCC15F3}.Release|x64.Build.0 = Release|Any CPU
		{3DE83BF9-0117-43A5-889C-18C0EFCC15F3}.Release|x86.ActiveCfg = Release|Any CPU
		{3DE83BF9-0117-43A5-889C-18C0EFCC15F3}.Release|x86.Build.0 = Release|Any CPU
		{41BEEB9E-B0CF-4C52-964A-51E8067A9AF6}.Debug|Any CPU.ActiveCfg = Debug|Any CPU
		{41BEEB9E-B0CF-4C52-964A-51E8067A9AF6}.Debug|Any CPU.Build.0 = Debug|Any CPU
		{41BEEB9E-B0CF-4C52-964A-51E8067A9AF6}.Debug|x64.ActiveCfg = Debug|Any CPU
		{41BEEB9E-B0CF-4C52-964A-51E8067A9AF6}.Debug|x64.Build.0 = Debug|Any CPU
		{41BEEB9E-B0CF-4C52-964A-51E8067A9AF6}.Debug|x86.ActiveCfg = Debug|Any CPU
		{41BEEB9E-B0CF-4C52-964A-51E8067A9AF6}.Debug|x86.Build.0 = Debug|Any CPU
		{41BEEB9E-B0CF-4C52-964A-51E8067A9AF6}.Release|Any CPU.ActiveCfg = Release|Any CPU
		{41BEEB9E-B0CF-4C52-964A-51E8067A9AF6}.Release|Any CPU.Build.0 = Release|Any CPU
		{41BEEB9E-B0CF-4C52-964A-51E8067A9AF6}.Release|x64.ActiveCfg = Release|Any CPU
		{41BEEB9E-B0CF-4C52-964A-51E8067A9AF6}.Release|x64.Build.0 = Release|Any CPU
		{41BEEB9E-B0CF-4C52-964A-51E8067A9AF6}.Release|x86.ActiveCfg = Release|Any CPU
		{41BEEB9E-B0CF-4C52-964A-51E8067A9AF6}.Release|x86.Build.0 = Release|Any CPU
		{50284DF4-A3D8-4BCF-B1A3-8984BB70891E}.Debug|Any CPU.ActiveCfg = Debug|Any CPU
		{50284DF4-A3D8-4BCF-B1A3-8984BB70891E}.Debug|Any CPU.Build.0 = Debug|Any CPU
		{50284DF4-A3D8-4BCF-B1A3-8984BB70891E}.Debug|x64.ActiveCfg = Debug|Any CPU
		{50284DF4-A3D8-4BCF-B1A3-8984BB70891E}.Debug|x64.Build.0 = Debug|Any CPU
		{50284DF4-A3D8-4BCF-B1A3-8984BB70891E}.Debug|x86.ActiveCfg = Debug|Any CPU
		{50284DF4-A3D8-4BCF-B1A3-8984BB70891E}.Debug|x86.Build.0 = Debug|Any CPU
		{50284DF4-A3D8-4BCF-B1A3-8984BB70891E}.Release|Any CPU.ActiveCfg = Release|Any CPU
		{50284DF4-A3D8-4BCF-B1A3-8984BB70891E}.Release|Any CPU.Build.0 = Release|Any CPU
		{50284DF4-A3D8-4BCF-B1A3-8984BB70891E}.Release|x64.ActiveCfg = Release|Any CPU
		{50284DF4-A3D8-4BCF-B1A3-8984BB70891E}.Release|x64.Build.0 = Release|Any CPU
		{50284DF4-A3D8-4BCF-B1A3-8984BB70891E}.Release|x86.ActiveCfg = Release|Any CPU
		{50284DF4-A3D8-4BCF-B1A3-8984BB70891E}.Release|x86.Build.0 = Release|Any CPU
	EndGlobalSection
	GlobalSection(SolutionProperties) = preSolution
		HideSolutionNode = FALSE
	EndGlobalSection
	GlobalSection(NestedProjects) = preSolution
		{4DA234BA-EEE8-4D81-A1CC-E86C963C06C7} = {786D0992-40CC-C4AF-A37A-44980843CB2E}
		{DAC44C08-E621-4717-A6A2-750F52788549} = {786D0992-40CC-C4AF-A37A-44980843CB2E}
		{AB62EBE4-DE01-4C25-8AC7-C9D3E6B36007} = {786D0992-40CC-C4AF-A37A-44980843CB2E}
		{AC11E63E-1AAC-428A-B6FC-3B2BB4578A73} = {786D0992-40CC-C4AF-A37A-44980843CB2E}
		{3DE83BF9-0117-43A5-889C-18C0EFCC15F3} = {786D0992-40CC-C4AF-A37A-44980843CB2E}
		{41BEEB9E-B0CF-4C52-964A-51E8067A9AF6} = {786D0992-40CC-C4AF-A37A-44980843CB2E}
		{50284DF4-A3D8-4BCF-B1A3-8984BB70891E} = {786D0992-40CC-C4AF-A37A-44980843CB2E}
	EndGlobalSection
EndGlobal
